
Microsoft Visual Studio Solution File, Format Version 12.00
# Visual Studio Version 16
VisualStudioVersion = 16.0.31410.357
MinimumVisualStudioVersion = 10.0.40219.1
Project("{FAE04EC0-301F-11D3-BF4B-00C04F79EFBC}") = "note3_ex3", "note3_ex3\note3_ex3.csproj", "{D9111ADF-03D3-49DF-A4A9-C7774985704F}"
EndProject
Global
	GlobalSection(SolutionConfigurationPlatforms) = preSolution
		Debug|Any CPU = Debug|Any CPU
		Release|Any CPU = Release|Any CPU
	EndGlobalSection
	GlobalSection(ProjectConfigurationPlatforms) = postSolution
		{D9111ADF-03D3-49DF-A4A9-C7774985704F}.Debug|Any CPU.ActiveCfg = Debug|Any CPU
		{D9111ADF-03D3-49DF-A4A9-C7774985704F}.Debug|Any CPU.Build.0 = Debug|Any CPU
		{D9111ADF-03D3-49DF-A4A9-C7774985704F}.Release|Any CPU.ActiveCfg = Release|Any CPU
		{D9111ADF-03D3-49DF-A4A9-C7774985704F}.Release|Any CPU.Build.0 = Release|Any CPU
	EndGlobalSection
	GlobalSection(SolutionProperties) = preSolution
		HideSolutionNode = FALSE
	EndGlobalSection
	GlobalSection(ExtensibilityGlobals) = postSolution
		SolutionGuid = {B4441A5A-0FFA-4AEC-B1B7-4CDD55482472}
	EndGlobalSection
EndGlobal
