
Microsoft Visual Studio Solution File, Format Version 12.00
# Visual Studio Version 16
VisualStudioVersion = 16.0.29613.14
MinimumVisualStudioVersion = 10.0.40219.1
Project("{FAE04EC0-301F-11D3-BF4B-00C04F79EFBC}") = "LocalMail", "LocalMail\LocalMail.csproj", "{4E48E47F-CB19-4830-AB5C-475121F76A68}"
EndProject
Global
	GlobalSection(SolutionConfigurationPlatforms) = preSolution
		Debug|Any CPU = Debug|Any CPU
		Release|Any CPU = Release|Any CPU
	EndGlobalSection
	GlobalSection(ProjectConfigurationPlatforms) = postSolution
		{4E48E47F-CB19-4830-AB5C-475121F76A68}.Debug|Any CPU.ActiveCfg = Debug|Any CPU
		{4E48E47F-CB19-4830-AB5C-475121F76A68}.Debug|Any CPU.Build.0 = Debug|Any CPU
		{4E48E47F-CB19-4830-AB5C-475121F76A68}.Release|Any CPU.ActiveCfg = Release|Any CPU
		{4E48E47F-CB19-4830-AB5C-475121F76A68}.Release|Any CPU.Build.0 = Release|Any CPU
	EndGlobalSection
	GlobalSection(SolutionProperties) = preSolution
		HideSolutionNode = FALSE
	EndGlobalSection
	GlobalSection(ExtensibilityGlobals) = postSolution
		SolutionGuid = {25AF54BB-2605-45C6-BC42-555E2F617F48}
	EndGlobalSection
EndGlobal
