
Microsoft Visual Studio Solution File, Format Version 12.00
# Visual Studio Version 16
VisualStudioVersion = 16.0.31112.23
MinimumVisualStudioVersion = 10.0.40219.1
Project("{FAE04EC0-301F-11D3-BF4B-00C04F79EFBC}") = "note3_ex1", "note3_ex1\note3_ex1.csproj", "{4DA7C153-46A7-4B4C-A6E9-6647E8C1FE18}"
EndProject
Global
	GlobalSection(SolutionConfigurationPlatforms) = preSolution
		Debug|Any CPU = Debug|Any CPU
		Release|Any CPU = Release|Any CPU
	EndGlobalSection
	GlobalSection(ProjectConfigurationPlatforms) = postSolution
		{4DA7C153-46A7-4B4C-A6E9-6647E8C1FE18}.Debug|Any CPU.ActiveCfg = Debug|Any CPU
		{4DA7C153-46A7-4B4C-A6E9-6647E8C1FE18}.Debug|Any CPU.Build.0 = Debug|Any CPU
		{4DA7C153-46A7-4B4C-A6E9-6647E8C1FE18}.Release|Any CPU.ActiveCfg = Release|Any CPU
		{4DA7C153-46A7-4B4C-A6E9-6647E8C1FE18}.Release|Any CPU.Build.0 = Release|Any CPU
	EndGlobalSection
	GlobalSection(SolutionProperties) = preSolution
		HideSolutionNode = FALSE
	EndGlobalSection
	GlobalSection(ExtensibilityGlobals) = postSolution
		SolutionGuid = {3585B513-6473-44D1-B66A-0F862BAF9F5F}
	EndGlobalSection
EndGlobal
