
Microsoft Visual Studio Solution File, Format Version 12.00
# Visual Studio Version 16
VisualStudioVersion = 16.0.31129.286
MinimumVisualStudioVersion = 10.0.40219.1
Project("{FAE04EC0-301F-11D3-BF4B-00C04F79EFBC}") = "WebStatesKeep", "WebStatesKeep\WebStatesKeep.csproj", "{187A5DC2-B35E-468F-B173-FCCF4015A9F3}"
EndProject
Global
	GlobalSection(SolutionConfigurationPlatforms) = preSolution
		Debug|Any CPU = Debug|Any CPU
		Release|Any CPU = Release|Any CPU
	EndGlobalSection
	GlobalSection(ProjectConfigurationPlatforms) = postSolution
		{187A5DC2-B35E-468F-B173-FCCF4015A9F3}.Debug|Any CPU.ActiveCfg = Debug|Any CPU
		{187A5DC2-B35E-468F-B173-FCCF4015A9F3}.Debug|Any CPU.Build.0 = Debug|Any CPU
		{187A5DC2-B35E-468F-B173-FCCF4015A9F3}.Release|Any CPU.ActiveCfg = Release|Any CPU
		{187A5DC2-B35E-468F-B173-FCCF4015A9F3}.Release|Any CPU.Build.0 = Release|Any CPU
	EndGlobalSection
	GlobalSection(SolutionProperties) = preSolution
		HideSolutionNode = FALSE
	EndGlobalSection
	GlobalSection(ExtensibilityGlobals) = postSolution
		SolutionGuid = {CE2EEDC4-34DF-45A9-85B6-6F3D2AEFA3F3}
	EndGlobalSection
EndGlobal
