
Microsoft Visual Studio Solution File, Format Version 12.00
# Visual Studio 15
VisualStudioVersion = 15.0.28307.1062
MinimumVisualStudioVersion = 10.0.40219.1
Project("{FAE04EC0-301F-11D3-BF4B-00C04F79EFBC}") = "ASP.NET(EX7.2)", "ASP.NET(EX7.2)\ASP.NET(EX7.2).csproj", "{A5E9C958-A835-4194-B7F3-4B9273A8A2A7}"
EndProject
Global
	GlobalSection(SolutionConfigurationPlatforms) = preSolution
		Debug|Any CPU = Debug|Any CPU
		Release|Any CPU = Release|Any CPU
	EndGlobalSection
	GlobalSection(ProjectConfigurationPlatforms) = postSolution
		{A5E9C958-A835-4194-B7F3-4B9273A8A2A7}.Debug|Any CPU.ActiveCfg = Debug|Any CPU
		{A5E9C958-A835-4194-B7F3-4B9273A8A2A7}.Debug|Any CPU.Build.0 = Debug|Any CPU
		{A5E9C958-A835-4194-B7F3-4B9273A8A2A7}.Release|Any CPU.ActiveCfg = Release|Any CPU
		{A5E9C958-A835-4194-B7F3-4B9273A8A2A7}.Release|Any CPU.Build.0 = Release|Any CPU
	EndGlobalSection
	GlobalSection(SolutionProperties) = preSolution
		HideSolutionNode = FALSE
	EndGlobalSection
	GlobalSection(ExtensibilityGlobals) = postSolution
		SolutionGuid = {871A546A-D6C2-4F36-B870-2F4951138BA0}
	EndGlobalSection
EndGlobal
